
Microsoft Visual Studio Solution File, Format Version 12.00
# Visual Studio Version 17
VisualStudioVersion = 17.0.32112.339
MinimumVisualStudioVersion = 10.0.40219.1
Project("{FAE04EC0-301F-11D3-BF4B-00C04F79EFBC}") = "CallGraphAPI", "CallGraphAPI\CallGraphAPI.csproj", "{03788E64-E9B9-4D2B-A248-D7CFC66BC119}"
EndProject
Global
	GlobalSection(SolutionConfigurationPlatforms) = preSolution
		Debug|Any CPU = Debug|Any CPU
		Release|Any CPU = Release|Any CPU
	EndGlobalSection
	GlobalSection(ProjectConfigurationPlatforms) = postSolution
		{03788E64-E9B9-4D2B-A248-D7CFC66BC119}.Debug|Any CPU.ActiveCfg = Debug|Any CPU
		{03788E64-E9B9-4D2B-A248-D7CFC66BC119}.Debug|Any CPU.Build.0 = Debug|Any CPU
		{03788E64-E9B9-4D2B-A248-D7CFC66BC119}.Release|Any CPU.ActiveCfg = Release|Any CPU
		{03788E64-E9B9-4D2B-A248-D7CFC66BC119}.Release|Any CPU.Build.0 = Release|Any CPU
	EndGlobalSection
	GlobalSection(SolutionProperties) = preSolution
		HideSolutionNode = FALSE
	EndGlobalSection
	GlobalSection(ExtensibilityGlobals) = postSolution
		SolutionGuid = {E8A206C7-6BF2-40EA-AD03-7F37C50D83E8}
	EndGlobalSection
EndGlobal
